
Microsoft Visual Studio Solution File, Format Version 12.00
# Visual Studio Version 17
VisualStudioVersion = 17.9.34728.123
MinimumVisualStudioVersion = 10.0.40219.1
Project("{9A19103F-16F7-4668-BE54-9A1E7A4F7556}") = "PJD.Samples.SimpleNativeClientWithDPoP", "SimpleNativeClientWithDPoP\PJD.Samples.SimpleNativeClientWithDPoP.csproj", "{1CA2AEE4-93E1-4562-B796-528310FC5638}"
EndProject
Project("{9A19103F-16F7-4668-BE54-9A1E7A4F7556}") = "PJD.Samples.SimpleRequestObjectsDemo", "SimpleRequestObjectsDemo\PJD.Samples.SimpleRequestObjectsDemo.csproj", "{58F0D3C2-5ABD-4B44-89A8-7F03E25E84F4}"
EndProject
Project("{9A19103F-16F7-4668-BE54-9A1E7A4F7556}") = "PJD.Samples.SimpleResourceIndicatorsDemo", "SimpleResourceIndicatorsDemo\PJD.Samples.SimpleResourceIndicatorsDemo.csproj", "{4E72C759-0CAD-4A5F-9018-08081F1B368B}"
EndProject
Project("{9A19103F-16F7-4668-BE54-9A1E7A4F7556}") = "PJD.Samples.TokenExchange.ClientCredentials", "TokenExchange.ClientCredentials\PJD.Samples.TokenExchange.ClientCredentials.csproj", "{B9C0F33A-5E08-4B59-AE21-63D6E9D9E206}"
EndProject
Global
	GlobalSection(SolutionConfigurationPlatforms) = preSolution
		Debug|Any CPU = Debug|Any CPU
		Release|Any CPU = Release|Any CPU
	EndGlobalSection
	GlobalSection(ProjectConfigurationPlatforms) = postSolution
		{1CA2AEE4-93E1-4562-B796-528310FC5638}.Debug|Any CPU.ActiveCfg = Debug|Any CPU
		{1CA2AEE4-93E1-4562-B796-528310FC5638}.Debug|Any CPU.Build.0 = Debug|Any CPU
		{1CA2AEE4-93E1-4562-B796-528310FC5638}.Release|Any CPU.ActiveCfg = Release|Any CPU
		{1CA2AEE4-93E1-4562-B796-528310FC5638}.Release|Any CPU.Build.0 = Release|Any CPU
		{58F0D3C2-5ABD-4B44-89A8-7F03E25E84F4}.Debug|Any CPU.ActiveCfg = Debug|Any CPU
		{58F0D3C2-5ABD-4B44-89A8-7F03E25E84F4}.Debug|Any CPU.Build.0 = Debug|Any CPU
		{58F0D3C2-5ABD-4B44-89A8-7F03E25E84F4}.Release|Any CPU.ActiveCfg = Release|Any CPU
		{58F0D3C2-5ABD-4B44-89A8-7F03E25E84F4}.Release|Any CPU.Build.0 = Release|Any CPU
		{4E72C759-0CAD-4A5F-9018-08081F1B368B}.Debug|Any CPU.ActiveCfg = Debug|Any CPU
		{4E72C759-0CAD-4A5F-9018-08081F1B368B}.Debug|Any CPU.Build.0 = Debug|Any CPU
		{4E72C759-0CAD-4A5F-9018-08081F1B368B}.Release|Any CPU.ActiveCfg = Release|Any CPU
		{4E72C759-0CAD-4A5F-9018-08081F1B368B}.Release|Any CPU.Build.0 = Release|Any CPU
		{B9C0F33A-5E08-4B59-AE21-63D6E9D9E206}.Debug|Any CPU.ActiveCfg = Debug|Any CPU
		{B9C0F33A-5E08-4B59-AE21-63D6E9D9E206}.Debug|Any CPU.Build.0 = Debug|Any CPU
		{B9C0F33A-5E08-4B59-AE21-63D6E9D9E206}.Release|Any CPU.ActiveCfg = Release|Any CPU
		{B9C0F33A-5E08-4B59-AE21-63D6E9D9E206}.Release|Any CPU.Build.0 = Release|Any CPU
	EndGlobalSection
	GlobalSection(SolutionProperties) = preSolution
		HideSolutionNode = FALSE
	EndGlobalSection
	GlobalSection(ExtensibilityGlobals) = postSolution
		SolutionGuid = {2ED9E4F2-962E-49E8-887F-BCE3B39A3BCA}
	EndGlobalSection
EndGlobal
